
Microsoft Visual Studio Solution File, Format Version 12.00
# Visual Studio Version 16
VisualStudioVersion = 16.0.29926.136
MinimumVisualStudioVersion = 10.0.40219.1
Project("{9A19103F-16F7-4668-BE54-9A1E7A4F7556}") = "CsMigemoTests", "CsMigemoTests\CsMigemoTests.csproj", "{8B8DA289-D207-463D-8A93-FF36E1923F4A}"
EndProject
Project("{9A19103F-16F7-4668-BE54-9A1E7A4F7556}") = "CsMigemoCore", "CsMigemoCore\CsMigemoCore.csproj", "{75D0F710-7D30-412C-8649-A624C0CECB52}"
EndProject
Project("{FAE04EC0-301F-11D3-BF4B-00C04F79EFBC}") = "CsMigemo", "CsMigemo\CsMigemo.csproj", "{94043F13-CEAB-4CA0-AF6D-406331C1D09B}"
EndProject
Global
	GlobalSection(SolutionConfigurationPlatforms) = preSolution
		Debug|Any CPU = Debug|Any CPU
		Release|Any CPU = Release|Any CPU
	EndGlobalSection
	GlobalSection(ProjectConfigurationPlatforms) = postSolution
		{8B8DA289-D207-463D-8A93-FF36E1923F4A}.Debug|Any CPU.ActiveCfg = Debug|Any CPU
		{8B8DA289-D207-463D-8A93-FF36E1923F4A}.Debug|Any CPU.Build.0 = Debug|Any CPU
		{8B8DA289-D207-463D-8A93-FF36E1923F4A}.Release|Any CPU.ActiveCfg = Release|Any CPU
		{8B8DA289-D207-463D-8A93-FF36E1923F4A}.Release|Any CPU.Build.0 = Release|Any CPU
		{75D0F710-7D30-412C-8649-A624C0CECB52}.Debug|Any CPU.ActiveCfg = Debug|Any CPU
		{75D0F710-7D30-412C-8649-A624C0CECB52}.Debug|Any CPU.Build.0 = Debug|Any CPU
		{75D0F710-7D30-412C-8649-A624C0CECB52}.Release|Any CPU.ActiveCfg = Release|Any CPU
		{75D0F710-7D30-412C-8649-A624C0CECB52}.Release|Any CPU.Build.0 = Release|Any CPU
		{94043F13-CEAB-4CA0-AF6D-406331C1D09B}.Debug|Any CPU.ActiveCfg = Debug|Any CPU
		{94043F13-CEAB-4CA0-AF6D-406331C1D09B}.Debug|Any CPU.Build.0 = Debug|Any CPU
		{94043F13-CEAB-4CA0-AF6D-406331C1D09B}.Release|Any CPU.ActiveCfg = Release|Any CPU
		{94043F13-CEAB-4CA0-AF6D-406331C1D09B}.Release|Any CPU.Build.0 = Release|Any CPU
	EndGlobalSection
	GlobalSection(SolutionProperties) = preSolution
		HideSolutionNode = FALSE
	EndGlobalSection
	GlobalSection(ExtensibilityGlobals) = postSolution
		SolutionGuid = {29A4068C-0FF9-447F-9EA2-880DCD4E36F3}
	EndGlobalSection
EndGlobal
